
Microsoft Visual Studio Solution File, Format Version 12.00
# Visual Studio Version 17
VisualStudioVersion = 17.14.36518.9 d17.14
MinimumVisualStudioVersion = 10.0.40219.1
Project("{FAE04EC0-301F-11D3-BF4B-00C04F79EFBC}") = "UniversityandCollegeinformation", "UniversityandCollegeinformation\UniversityandCollegeinformation.csproj", "{39A02FD4-4B33-468B-BC3C-6553094CB87D}"
EndProject
Global
	GlobalSection(SolutionConfigurationPlatforms) = preSolution
		Debug|Any CPU = Debug|Any CPU
		Release|Any CPU = Release|Any CPU
	EndGlobalSection
	GlobalSection(ProjectConfigurationPlatforms) = postSolution
		{39A02FD4-4B33-468B-BC3C-6553094CB87D}.Debug|Any CPU.ActiveCfg = Debug|Any CPU
		{39A02FD4-4B33-468B-BC3C-6553094CB87D}.Debug|Any CPU.Build.0 = Debug|Any CPU
		{39A02FD4-4B33-468B-BC3C-6553094CB87D}.Release|Any CPU.ActiveCfg = Release|Any CPU
		{39A02FD4-4B33-468B-BC3C-6553094CB87D}.Release|Any CPU.Build.0 = Release|Any CPU
	EndGlobalSection
	GlobalSection(SolutionProperties) = preSolution
		HideSolutionNode = FALSE
	EndGlobalSection
	GlobalSection(ExtensibilityGlobals) = postSolution
		SolutionGuid = {088C6C7E-0396-425C-8425-4F74F34DFDAF}
	EndGlobalSection
EndGlobal
